
Microsoft Visual Studio Solution File, Format Version 12.00
# Visual Studio Version 16
VisualStudioVersion = 16.0.31005.135
MinimumVisualStudioVersion = 10.0.40219.1
Project("{FAE04EC0-301F-11D3-BF4B-00C04F79EFBC}") = "Teltonika", "Teltonika\Teltonika.csproj", "{287C1EA7-4C2C-4B55-8A24-2BEB75F6EBF9}"
EndProject
Global
	GlobalSection(SolutionConfigurationPlatforms) = preSolution
		Debug|Any CPU = Debug|Any CPU
		Release|Any CPU = Release|Any CPU
	EndGlobalSection
	GlobalSection(ProjectConfigurationPlatforms) = postSolution
		{287C1EA7-4C2C-4B55-8A24-2BEB75F6EBF9}.Debug|Any CPU.ActiveCfg = Debug|Any CPU
		{287C1EA7-4C2C-4B55-8A24-2BEB75F6EBF9}.Debug|Any CPU.Build.0 = Debug|Any CPU
		{287C1EA7-4C2C-4B55-8A24-2BEB75F6EBF9}.Release|Any CPU.ActiveCfg = Release|Any CPU
		{287C1EA7-4C2C-4B55-8A24-2BEB75F6EBF9}.Release|Any CPU.Build.0 = Release|Any CPU
	EndGlobalSection
	GlobalSection(SolutionProperties) = preSolution
		HideSolutionNode = FALSE
	EndGlobalSection
	GlobalSection(ExtensibilityGlobals) = postSolution
		SolutionGuid = {6935A03C-B442-4B89-8289-6A691F8D8A29}
	EndGlobalSection
EndGlobal
